
Microsoft Visual Studio Solution File, Format Version 12.00
# Visual Studio Version 17
VisualStudioVersion = 17.4.32912.340
MinimumVisualStudioVersion = 10.0.40219.1
Project("{FAE04EC0-301F-11D3-BF4B-00C04F79EFBC}") = "KekKinjector", "KekKinjector.csproj", "{E230986E-0F05-46EB-AE17-297ED8ACC52D}"
EndProject
Global
	GlobalSection(SolutionConfigurationPlatforms) = preSolution
		Debug|Any CPU = Debug|Any CPU
		Debug|x64 = Debug|x64
		Release|Any CPU = Release|Any CPU
		Release|x64 = Release|x64
	EndGlobalSection
	GlobalSection(ProjectConfigurationPlatforms) = postSolution
		{E230986E-0F05-46EB-AE17-297ED8ACC52D}.Debug|Any CPU.ActiveCfg = Debug|Any CPU
		{E230986E-0F05-46EB-AE17-297ED8ACC52D}.Debug|Any CPU.Build.0 = Debug|Any CPU
		{E230986E-0F05-46EB-AE17-297ED8ACC52D}.Debug|x64.ActiveCfg = Debug|x64
		{E230986E-0F05-46EB-AE17-297ED8ACC52D}.Debug|x64.Build.0 = Debug|x64
		{E230986E-0F05-46EB-AE17-297ED8ACC52D}.Release|Any CPU.ActiveCfg = Release|Any CPU
		{E230986E-0F05-46EB-AE17-297ED8ACC52D}.Release|Any CPU.Build.0 = Release|Any CPU
		{E230986E-0F05-46EB-AE17-297ED8ACC52D}.Release|x64.ActiveCfg = Release|x64
		{E230986E-0F05-46EB-AE17-297ED8ACC52D}.Release|x64.Build.0 = Release|x64
	EndGlobalSection
	GlobalSection(SolutionProperties) = preSolution
		HideSolutionNode = FALSE
	EndGlobalSection
	GlobalSection(ExtensibilityGlobals) = postSolution
		SolutionGuid = {D1C41384-9B62-4AE0-8421-0557BB7ED05B}
	EndGlobalSection
EndGlobal
